
Microsoft Visual Studio Solution File, Format Version 12.00
# Visual Studio 14
VisualStudioVersion = 14.0.24720.0
MinimumVisualStudioVersion = 10.0.40219.1
Project("{FAE04EC0-301F-11D3-BF4B-00C04F79EFBC}") = "FusionManager", "FusionManager\FusionManager.csproj", "{9DCCDB10-B9DA-455B-AA27-6C101AEBC63B}"
EndProject
Project("{FAE04EC0-301F-11D3-BF4B-00C04F79EFBC}") = "FusionManager.Tests", "FusionManager.Tests\FusionManager.Tests.csproj", "{8ED10A99-EE01-4A8B-B22F-659BAB02D067}"
EndProject
Global
	GlobalSection(SolutionConfigurationPlatforms) = preSolution
		Debug|Any CPU = Debug|Any CPU
		Release|Any CPU = Release|Any CPU
	EndGlobalSection
	GlobalSection(ProjectConfigurationPlatforms) = postSolution
		{9DCCDB10-B9DA-455B-AA27-6C101AEBC63B}.Debug|Any CPU.ActiveCfg = Debug|Any CPU
		{9DCCDB10-B9DA-455B-AA27-6C101AEBC63B}.Debug|Any CPU.Build.0 = Debug|Any CPU
		{9DCCDB10-B9DA-455B-AA27-6C101AEBC63B}.Release|Any CPU.ActiveCfg = Release|Any CPU
		{9DCCDB10-B9DA-455B-AA27-6C101AEBC63B}.Release|Any CPU.Build.0 = Release|Any CPU
		{8ED10A99-EE01-4A8B-B22F-659BAB02D067}.Debug|Any CPU.ActiveCfg = Debug|Any CPU
		{8ED10A99-EE01-4A8B-B22F-659BAB02D067}.Debug|Any CPU.Build.0 = Debug|Any CPU
		{8ED10A99-EE01-4A8B-B22F-659BAB02D067}.Release|Any CPU.ActiveCfg = Release|Any CPU
		{8ED10A99-EE01-4A8B-B22F-659BAB02D067}.Release|Any CPU.Build.0 = Release|Any CPU
	EndGlobalSection
	GlobalSection(SolutionProperties) = preSolution
		HideSolutionNode = FALSE
	EndGlobalSection
EndGlobal
